
Microsoft Visual Studio Solution File, Format Version 12.00
# Visual Studio Version 17
VisualStudioVersion = 17.10.35027.167
MinimumVisualStudioVersion = 10.0.40219.1
Project("{F184B08F-C81C-45F6-A57F-5ABD9991F28F}") = "Lending Project Application", "Lending Project Application\Lending Project Application.vbproj", "{B92A3ED9-FF4D-4C3F-ACFA-071D954F6118}"
EndProject
Global
	GlobalSection(SolutionConfigurationPlatforms) = preSolution
		Debug|Any CPU = Debug|Any CPU
		Release|Any CPU = Release|Any CPU
	EndGlobalSection
	GlobalSection(ProjectConfigurationPlatforms) = postSolution
		{B92A3ED9-FF4D-4C3F-ACFA-071D954F6118}.Debug|Any CPU.ActiveCfg = Debug|Any CPU
		{B92A3ED9-FF4D-4C3F-ACFA-071D954F6118}.Debug|Any CPU.Build.0 = Debug|Any CPU
		{B92A3ED9-FF4D-4C3F-ACFA-071D954F6118}.Release|Any CPU.ActiveCfg = Release|Any CPU
		{B92A3ED9-FF4D-4C3F-ACFA-071D954F6118}.Release|Any CPU.Build.0 = Release|Any CPU
	EndGlobalSection
	GlobalSection(SolutionProperties) = preSolution
		HideSolutionNode = FALSE
	EndGlobalSection
	GlobalSection(ExtensibilityGlobals) = postSolution
		SolutionGuid = {DE977049-C03A-428E-BC1E-9A22691CF84E}
	EndGlobalSection
EndGlobal
